{
  "name": "lend-contracts",
  "version": "1.0.0",
  "lockfileVersion": 3,
  "requires": true,
  "packages": {
    "": {
      "name": "lend-contracts",
      "version": "1.0.0",
      "license": "ISC",
      "dependencies": {
        "@layerzerolabs/lz-evm-v1-0.7": "^2.0.6"
      }
    },
    "node_modules/@layerzerolabs/lz-evm-v1-0.7": {
      "version": "2.0.6",
      "resolved": "https://registry.npmjs.org/@layerzerolabs/lz-evm-v1-0.7/-/lz-evm-v1-0.7-2.0.6.tgz",
      "integrity": "sha512-QrIbDJrDT1nX4d3nXw8bf1GS0r78wJ7qMTlUnB/QsMZEQGE5EByMN06JwcgWEo2y74K3H9uMjvCgEnTFXxuV9w==",
      "license": "BUSL-1.1"
    }
  }
}
